
Microsoft Visual Studio Solution File, Format Version 12.00
# Visual Studio 15
VisualStudioVersion = 15.0.28307.168
MinimumVisualStudioVersion = 10.0.40219.1
Project("{FAE04EC0-301F-11D3-BF4B-00C04F79EFBC}") = "C0731712", "C0731712\C0731712.csproj", "{20A8DA0D-43EB-49D7-B1E8-CE48F03F953C}"
EndProject
Global
	GlobalSection(SolutionConfigurationPlatforms) = preSolution
		Debug|Any CPU = Debug|Any CPU
		Release|Any CPU = Release|Any CPU
	EndGlobalSection
	GlobalSection(ProjectConfigurationPlatforms) = postSolution
		{20A8DA0D-43EB-49D7-B1E8-CE48F03F953C}.Debug|Any CPU.ActiveCfg = Debug|Any CPU
		{20A8DA0D-43EB-49D7-B1E8-CE48F03F953C}.Debug|Any CPU.Build.0 = Debug|Any CPU
		{20A8DA0D-43EB-49D7-B1E8-CE48F03F953C}.Release|Any CPU.ActiveCfg = Release|Any CPU
		{20A8DA0D-43EB-49D7-B1E8-CE48F03F953C}.Release|Any CPU.Build.0 = Release|Any CPU
	EndGlobalSection
	GlobalSection(SolutionProperties) = preSolution
		HideSolutionNode = FALSE
	EndGlobalSection
	GlobalSection(ExtensibilityGlobals) = postSolution
		SolutionGuid = {3C945FEF-3927-4D80-92A0-BF62FF4C11F0}
	EndGlobalSection
EndGlobal
